// !$*UTF8*$!
{
	archiveVersion = 1;
	classes = {
	};
	objectVersion = 46;
	objects = {

/* Begin PBXBuildFile section */
		E52BCD631E048EA400D2BC26 /* AppDelegate.swift in Sources */ = {isa = PBXBuildFile; fileRef = E52BCD621E048EA400D2BC26 /* AppDelegate.swift */; };
		E52BCD671E048EA400D2BC26 /* Actions.sks in Resources */ = {isa = PBXBuildFile; fileRef = E52BCD661E048EA400D2BC26 /* Actions.sks */; };
		E52BCD6B1E048EA400D2BC26 /* GameViewController.swift in Sources */ = {isa = PBXBuildFile; fileRef = E52BCD6A1E048EA400D2BC26 /* GameViewController.swift */; };
		E52BCD6E1E048EA400D2BC26 /* Main.storyboard in Resources */ = {isa = PBXBuildFile; fileRef = E52BCD6C1E048EA400D2BC26 /* Main.storyboard */; };
		E52BCD701E048EA400D2BC26 /* Assets.xcassets in Resources */ = {isa = PBXBuildFile; fileRef = E52BCD6F1E048EA400D2BC26 /* Assets.xcassets */; };
		E52BCD731E048EA400D2BC26 /* LaunchScreen.storyboard in Resources */ = {isa = PBXBuildFile; fileRef = E52BCD711E048EA400D2BC26 /* LaunchScreen.storyboard */; };
		E52BCD821E04965600D2BC26 /* Blue 1.png in Resources */ = {isa = PBXBuildFile; fileRef = E52BCD7E1E04965600D2BC26 /* Blue 1.png */; };
		E52BCD831E04965600D2BC26 /* Blue 2.png in Resources */ = {isa = PBXBuildFile; fileRef = E52BCD7F1E04965600D2BC26 /* Blue 2.png */; };
		E52BCD841E04965600D2BC26 /* Blue 3.png in Resources */ = {isa = PBXBuildFile; fileRef = E52BCD801E04965600D2BC26 /* Blue 3.png */; };
		E52BCD851E04965600D2BC26 /* Blue 4.png in Resources */ = {isa = PBXBuildFile; fileRef = E52BCD811E04965600D2BC26 /* Blue 4.png */; };
		E52BCD8A1E04967900D2BC26 /* Green 1.png in Resources */ = {isa = PBXBuildFile; fileRef = E52BCD861E04967900D2BC26 /* Green 1.png */; };
		E52BCD8B1E04967900D2BC26 /* Green 2.png in Resources */ = {isa = PBXBuildFile; fileRef = E52BCD871E04967900D2BC26 /* Green 2.png */; };
		E52BCD8C1E04967900D2BC26 /* Green 3.png in Resources */ = {isa = PBXBuildFile; fileRef = E52BCD881E04967900D2BC26 /* Green 3.png */; };
		E52BCD8D1E04967900D2BC26 /* Green 4.png in Resources */ = {isa = PBXBuildFile; fileRef = E52BCD891E04967900D2BC26 /* Green 4.png */; };
		E52BCD921E04968500D2BC26 /* Red 1.png in Resources */ = {isa = PBXBuildFile; fileRef = E52BCD8E1E04968500D2BC26 /* Red 1.png */; };
		E52BCD931E04968500D2BC26 /* Red 2.png in Resources */ = {isa = PBXBuildFile; fileRef = E52BCD8F1E04968500D2BC26 /* Red 2.png */; };
		E52BCD941E04968500D2BC26 /* Red 3.png in Resources */ = {isa = PBXBuildFile; fileRef = E52BCD901E04968500D2BC26 /* Red 3.png */; };
		E52BCD951E04968500D2BC26 /* Red 4.png in Resources */ = {isa = PBXBuildFile; fileRef = E52BCD911E04968500D2BC26 /* Red 4.png */; };
		E52BCD981E04973000D2BC26 /* 04b_19.ttf in Resources */ = {isa = PBXBuildFile; fileRef = E52BCD971E04973000D2BC26 /* 04b_19.ttf */; };
		E52BCD9D1E04974C00D2BC26 /* Dead.mp3 in Resources */ = {isa = PBXBuildFile; fileRef = E52BCD9A1E04974C00D2BC26 /* Dead.mp3 */; };
		E52BCD9E1E04974C00D2BC26 /* Fly.mp3 in Resources */ = {isa = PBXBuildFile; fileRef = E52BCD9B1E04974C00D2BC26 /* Fly.mp3 */; };
		E52BCD9F1E04974C00D2BC26 /* Score.mp3 in Resources */ = {isa = PBXBuildFile; fileRef = E52BCD9C1E04974C00D2BC26 /* Score.mp3 */; };
		E52BCDA31E0498F700D2BC26 /* GameplayScene.sks in Resources */ = {isa = PBXBuildFile; fileRef = E52BCDA21E0498F700D2BC26 /* GameplayScene.sks */; };
		E52BCDA61E0499F800D2BC26 /* GameplayScene.swift in Sources */ = {isa = PBXBuildFile; fileRef = E52BCDA51E0499F800D2BC26 /* GameplayScene.swift */; };
		E52BCDA91E04AFF800D2BC26 /* Bird.swift in Sources */ = {isa = PBXBuildFile; fileRef = E52BCDA81E04AFF800D2BC26 /* Bird.swift */; };
/* End PBXBuildFile section */

/* Begin PBXFileReference section */
		E52BCD5F1E048EA400D2BC26 /* FlappyBirdClone.app */ = {isa = PBXFileReference; explicitFileType = wrapper.application; includeInIndex = 0; path = FlappyBirdClone.app; sourceTree = BUILT_PRODUCTS_DIR; };
		E52BCD621E048EA400D2BC26 /* AppDelegate.swift */ = {isa = PBXFileReference; lastKnownFileType = sourcecode.swift; path = AppDelegate.swift; sourceTree = "<group>"; };
		E52BCD661E048EA400D2BC26 /* Actions.sks */ = {isa = PBXFileReference; lastKnownFileType = file.sks; path = Actions.sks; sourceTree = "<group>"; };
		E52BCD6A1E048EA400D2BC26 /* GameViewController.swift */ = {isa = PBXFileReference; lastKnownFileType = sourcecode.swift; path = GameViewController.swift; sourceTree = "<group>"; };
		E52BCD6D1E048EA400D2BC26 /* Base */ = {isa = PBXFileReference; lastKnownFileType = file.storyboard; name = Base; path = Base.lproj/Main.storyboard; sourceTree = "<group>"; };
		E52BCD6F1E048EA400D2BC26 /* Assets.xcassets */ = {isa = PBXFileReference; lastKnownFileType = folder.assetcatalog; path = Assets.xcassets; sourceTree = "<group>"; };
		E52BCD721E048EA400D2BC26 /* Base */ = {isa = PBXFileReference; lastKnownFileType = file.storyboard; name = Base; path = Base.lproj/LaunchScreen.storyboard; sourceTree = "<group>"; };
		E52BCD741E048EA400D2BC26 /* Info.plist */ = {isa = PBXFileReference; lastKnownFileType = text.plist.xml; path = Info.plist; sourceTree = "<group>"; };
		E52BCD7E1E04965600D2BC26 /* Blue 1.png */ = {isa = PBXFileReference; lastKnownFileType = image.png; path = "Blue 1.png"; sourceTree = "<group>"; };
		E52BCD7F1E04965600D2BC26 /* Blue 2.png */ = {isa = PBXFileReference; lastKnownFileType = image.png; path = "Blue 2.png"; sourceTree = "<group>"; };
		E52BCD801E04965600D2BC26 /* Blue 3.png */ = {isa = PBXFileReference; lastKnownFileType = image.png; path = "Blue 3.png"; sourceTree = "<group>"; };
		E52BCD811E04965600D2BC26 /* Blue 4.png */ = {isa = PBXFileReference; lastKnownFileType = image.png; path = "Blue 4.png"; sourceTree = "<group>"; };
		E52BCD861E04967900D2BC26 /* Green 1.png */ = {isa = PBXFileReference; lastKnownFileType = image.png; path = "Green 1.png"; sourceTree = "<group>"; };
		E52BCD871E04967900D2BC26 /* Green 2.png */ = {isa = PBXFileReference; lastKnownFileType = image.png; path = "Green 2.png"; sourceTree = "<group>"; };
		E52BCD881E04967900D2BC26 /* Green 3.png */ = {isa = PBXFileReference; lastKnownFileType = image.png; path = "Green 3.png"; sourceTree = "<group>"; };
		E52BCD891E04967900D2BC26 /* Green 4.png */ = {isa = PBXFileReference; lastKnownFileType = image.png; path = "Green 4.png"; sourceTree = "<group>"; };
		E52BCD8E1E04968500D2BC26 /* Red 1.png */ = {isa = PBXFileReference; lastKnownFileType = image.png; path = "Red 1.png"; sourceTree = "<group>"; };
		E52BCD8F1E04968500D2BC26 /* Red 2.png */ = {isa = PBXFileReference; lastKnownFileType = image.png; path = "Red 2.png"; sourceTree = "<group>"; };
		E52BCD901E04968500D2BC26 /* Red 3.png */ = {isa = PBXFileReference; lastKnownFileType = image.png; path = "Red 3.png"; sourceTree = "<group>"; };
		E52BCD911E04968500D2BC26 /* Red 4.png */ = {isa = PBXFileReference; lastKnownFileType = image.png; path = "Red 4.png"; sourceTree = "<group>"; };
		E52BCD971E04973000D2BC26 /* 04b_19.ttf */ = {isa = PBXFileReference; lastKnownFileType = file; path = 04b_19.ttf; sourceTree = "<group>"; };
		E52BCD9A1E04974C00D2BC26 /* Dead.mp3 */ = {isa = PBXFileReference; lastKnownFileType = audio.mp3; path = Dead.mp3; sourceTree = "<group>"; };
		E52BCD9B1E04974C00D2BC26 /* Fly.mp3 */ = {isa = PBXFileReference; lastKnownFileType = audio.mp3; path = Fly.mp3; sourceTree = "<group>"; };
		E52BCD9C1E04974C00D2BC26 /* Score.mp3 */ = {isa = PBXFileReference; lastKnownFileType = audio.mp3; path = Score.mp3; sourceTree = "<group>"; };
		E52BCDA21E0498F700D2BC26 /* GameplayScene.sks */ = {isa = PBXFileReference; lastKnownFileType = file.sks; path = GameplayScene.sks; sourceTree = "<group>"; };
		E52BCDA51E0499F800D2BC26 /* GameplayScene.swift */ = {isa = PBXFileReference; fileEncoding = 4; lastKnownFileType = sourcecode.swift; path = GameplayScene.swift; sourceTree = "<group>"; };
		E52BCDA81E04AFF800D2BC26 /* Bird.swift */ = {isa = PBXFileReference; fileEncoding = 4; lastKnownFileType = sourcecode.swift; path = Bird.swift; sourceTree = "<group>"; };
/* End PBXFileReference section */

/* Begin PBXFrameworksBuildPhase section */
		E52BCD5C1E048EA400D2BC26 /* Frameworks */ = {
			isa = PBXFrameworksBuildPhase;
			buildActionMask = 2147483647;
			files = (
			);
			runOnlyForDeploymentPostprocessing = 0;
		};
/* End PBXFrameworksBuildPhase section */

/* Begin PBXGroup section */
		E52BCD561E048EA400D2BC26 = {
			isa = PBXGroup;
			children = (
				E52BCD611E048EA400D2BC26 /* FlappyBirdClone */,
				E52BCDA11E04986B00D2BC26 /* Classes */,
				E52BCDA01E04985300D2BC26 /* Scenes */,
				E52BCD7A1E04960A00D2BC26 /* Assets */,
				E52BCD601E048EA400D2BC26 /* Products */,
			);
			sourceTree = "<group>";
		};
		E52BCD601E048EA400D2BC26 /* Products */ = {
			isa = PBXGroup;
			children = (
				E52BCD5F1E048EA400D2BC26 /* FlappyBirdClone.app */,
			);
			name = Products;
			sourceTree = "<group>";
		};
		E52BCD611E048EA400D2BC26 /* FlappyBirdClone */ = {
			isa = PBXGroup;
			children = (
				E52BCD621E048EA400D2BC26 /* AppDelegate.swift */,
				E52BCD661E048EA400D2BC26 /* Actions.sks */,
				E52BCD6A1E048EA400D2BC26 /* GameViewController.swift */,
				E52BCD6C1E048EA400D2BC26 /* Main.storyboard */,
				E52BCD6F1E048EA400D2BC26 /* Assets.xcassets */,
				E52BCD711E048EA400D2BC26 /* LaunchScreen.storyboard */,
				E52BCD741E048EA400D2BC26 /* Info.plist */,
			);
			path = FlappyBirdClone;
			sourceTree = "<group>";
		};
		E52BCD7A1E04960A00D2BC26 /* Assets */ = {
			isa = PBXGroup;
			children = (
				E52BCD991E04973C00D2BC26 /* Sounds */,
				E52BCD961E0496BA00D2BC26 /* Fonts */,
				E52BCD7D1E04962B00D2BC26 /* Bird Red */,
				E52BCD7C1E04962200D2BC26 /* Bird Green */,
				E52BCD7B1E04961600D2BC26 /* Bird Blue */,
			);
			name = Assets;
			sourceTree = "<group>";
		};
		E52BCD7B1E04961600D2BC26 /* Bird Blue */ = {
			isa = PBXGroup;
			children = (
				E52BCD7E1E04965600D2BC26 /* Blue 1.png */,
				E52BCD7F1E04965600D2BC26 /* Blue 2.png */,
				E52BCD801E04965600D2BC26 /* Blue 3.png */,
				E52BCD811E04965600D2BC26 /* Blue 4.png */,
			);
			name = "Bird Blue";
			sourceTree = "<group>";
		};
		E52BCD7C1E04962200D2BC26 /* Bird Green */ = {
			isa = PBXGroup;
			children = (
				E52BCD861E04967900D2BC26 /* Green 1.png */,
				E52BCD871E04967900D2BC26 /* Green 2.png */,
				E52BCD881E04967900D2BC26 /* Green 3.png */,
				E52BCD891E04967900D2BC26 /* Green 4.png */,
			);
			name = "Bird Green";
			sourceTree = "<group>";
		};
		E52BCD7D1E04962B00D2BC26 /* Bird Red */ = {
			isa = PBXGroup;
			children = (
				E52BCD8E1E04968500D2BC26 /* Red 1.png */,
				E52BCD8F1E04968500D2BC26 /* Red 2.png */,
				E52BCD901E04968500D2BC26 /* Red 3.png */,
				E52BCD911E04968500D2BC26 /* Red 4.png */,
			);
			name = "Bird Red";
			sourceTree = "<group>";
		};
		E52BCD961E0496BA00D2BC26 /* Fonts */ = {
			isa = PBXGroup;
			children = (
				E52BCD971E04973000D2BC26 /* 04b_19.ttf */,
			);
			name = Fonts;
			sourceTree = "<group>";
		};
		E52BCD991E04973C00D2BC26 /* Sounds */ = {
			isa = PBXGroup;
			children = (
				E52BCD9A1E04974C00D2BC26 /* Dead.mp3 */,
				E52BCD9B1E04974C00D2BC26 /* Fly.mp3 */,
				E52BCD9C1E04974C00D2BC26 /* Score.mp3 */,
			);
			name = Sounds;
			sourceTree = "<group>";
		};
		E52BCDA01E04985300D2BC26 /* Scenes */ = {
			isa = PBXGroup;
			children = (
				E52BCDA21E0498F700D2BC26 /* GameplayScene.sks */,
			);
			name = Scenes;
			sourceTree = "<group>";
		};
		E52BCDA11E04986B00D2BC26 /* Classes */ = {
			isa = PBXGroup;
			children = (
				E52BCDA71E04AFDF00D2BC26 /* Bird */,
				E52BCDA41E0499DD00D2BC26 /* Scene */,
			);
			name = Classes;
			sourceTree = "<group>";
		};
		E52BCDA41E0499DD00D2BC26 /* Scene */ = {
			isa = PBXGroup;
			children = (
				E52BCDA51E0499F800D2BC26 /* GameplayScene.swift */,
			);
			name = Scene;
			sourceTree = "<group>";
		};
		E52BCDA71E04AFDF00D2BC26 /* Bird */ = {
			isa = PBXGroup;
			children = (
				E52BCDA81E04AFF800D2BC26 /* Bird.swift */,
			);
			name = Bird;
			sourceTree = "<group>";
		};
/* End PBXGroup section */

/* Begin PBXNativeTarget section */
		E52BCD5E1E048EA400D2BC26 /* FlappyBirdClone */ = {
			isa = PBXNativeTarget;
			buildConfigurationList = E52BCD771E048EA400D2BC26 /* Build configuration list for PBXNativeTarget "FlappyBirdClone" */;
			buildPhases = (
				E52BCD5B1E048EA400D2BC26 /* Sources */,
				E52BCD5C1E048EA400D2BC26 /* Frameworks */,
				E52BCD5D1E048EA400D2BC26 /* Resources */,
			);
			buildRules = (
			);
			dependencies = (
			);
			name = FlappyBirdClone;
			productName = FlappyBirdClone;
			productReference = E52BCD5F1E048EA400D2BC26 /* FlappyBirdClone.app */;
			productType = "com.apple.product-type.application";
		};
/* End PBXNativeTarget section */

/* Begin PBXProject section */
		E52BCD571E048EA400D2BC26 /* Project object */ = {
			isa = PBXProject;
			attributes = {
				LastSwiftUpdateCheck = 0820;
				LastUpgradeCheck = 0820;
				ORGANIZATIONNAME = "Alex DeMars";
				TargetAttributes = {
					E52BCD5E1E048EA400D2BC26 = {
						CreatedOnToolsVersion = 8.2;
						DevelopmentTeam = 6M346GUPZ3;
						ProvisioningStyle = Automatic;
					};
				};
			};
			buildConfigurationList = E52BCD5A1E048EA400D2BC26 /* Build configuration list for PBXProject "FlappyBirdClone" */;
			compatibilityVersion = "Xcode 3.2";
			developmentRegion = English;
			hasScannedForEncodings = 0;
			knownRegions = (
				en,
				Base,
			);
			mainGroup = E52BCD561E048EA400D2BC26;
			productRefGroup = E52BCD601E048EA400D2BC26 /* Products */;
			projectDirPath = "";
			projectRoot = "";
			targets = (
				E52BCD5E1E048EA400D2BC26 /* FlappyBirdClone */,
			);
		};
/* End PBXProject section */

/* Begin PBXResourcesBuildPhase section */
		E52BCD5D1E048EA400D2BC26 /* Resources */ = {
			isa = PBXResourcesBuildPhase;
			buildActionMask = 2147483647;
			files = (
				E52BCD8D1E04967900D2BC26 /* Green 4.png in Resources */,
				E52BCD841E04965600D2BC26 /* Blue 3.png in Resources */,
				E52BCD6E1E048EA400D2BC26 /* Main.storyboard in Resources */,
				E52BCD8C1E04967900D2BC26 /* Green 3.png in Resources */,
				E52BCDA31E0498F700D2BC26 /* GameplayScene.sks in Resources */,
				E52BCD9E1E04974C00D2BC26 /* Fly.mp3 in Resources */,
				E52BCD921E04968500D2BC26 /* Red 1.png in Resources */,
				E52BCD9F1E04974C00D2BC26 /* Score.mp3 in Resources */,
				E52BCD931E04968500D2BC26 /* Red 2.png in Resources */,
				E52BCD8A1E04967900D2BC26 /* Green 1.png in Resources */,
				E52BCD851E04965600D2BC26 /* Blue 4.png in Resources */,
				E52BCD8B1E04967900D2BC26 /* Green 2.png in Resources */,
				E52BCD981E04973000D2BC26 /* 04b_19.ttf in Resources */,
				E52BCD941E04968500D2BC26 /* Red 3.png in Resources */,
				E52BCD951E04968500D2BC26 /* Red 4.png in Resources */,
				E52BCD831E04965600D2BC26 /* Blue 2.png in Resources */,
				E52BCD821E04965600D2BC26 /* Blue 1.png in Resources */,
				E52BCD9D1E04974C00D2BC26 /* Dead.mp3 in Resources */,
				E52BCD701E048EA400D2BC26 /* Assets.xcassets in Resources */,
				E52BCD731E048EA400D2BC26 /* LaunchScreen.storyboard in Resources */,
				E52BCD671E048EA400D2BC26 /* Actions.sks in Resources */,
			);
			runOnlyForDeploymentPostprocessing = 0;
		};
/* End PBXResourcesBuildPhase section */

/* Begin PBXSourcesBuildPhase section */
		E52BCD5B1E048EA400D2BC26 /* Sources */ = {
			isa = PBXSourcesBuildPhase;
			buildActionMask = 2147483647;
			files = (
				E52BCDA61E0499F800D2BC26 /* GameplayScene.swift in Sources */,
				E52BCD6B1E048EA400D2BC26 /* GameViewController.swift in Sources */,
				E52BCDA91E04AFF800D2BC26 /* Bird.swift in Sources */,
				E52BCD631E048EA400D2BC26 /* AppDelegate.swift in Sources */,
			);
			runOnlyForDeploymentPostprocessing = 0;
		};
/* End PBXSourcesBuildPhase section */

/* Begin PBXVariantGroup section */
		E52BCD6C1E048EA400D2BC26 /* Main.storyboard */ = {
			isa = PBXVariantGroup;
			children = (
				E52BCD6D1E048EA400D2BC26 /* Base */,
			);
			name = Main.storyboard;
			sourceTree = "<group>";
		};
		E52BCD711E048EA400D2BC26 /* LaunchScreen.storyboard */ = {
			isa = PBXVariantGroup;
			children = (
				E52BCD721E048EA400D2BC26 /* Base */,
			);
			name = LaunchScreen.storyboard;
			sourceTree = "<group>";
		};
/* End PBXVariantGroup section */

/* Begin XCBuildConfiguration section */
		E52BCD751E048EA400D2BC26 /* Debug */ = {
			isa = XCBuildConfiguration;
			buildSettings = {
				ALWAYS_SEARCH_USER_PATHS = NO;
				CLANG_ANALYZER_NONNULL = YES;
				CLANG_CXX_LANGUAGE_STANDARD = "gnu++0x";
				CLANG_CXX_LIBRARY = "libc++";
				CLANG_ENABLE_MODULES = YES;
				CLANG_ENABLE_OBJC_ARC = YES;
				CLANG_WARN_BOOL_CONVERSION = YES;
				CLANG_WARN_CONSTANT_CONVERSION = YES;
				CLANG_WARN_DIRECT_OBJC_ISA_USAGE = YES_ERROR;
				CLANG_WARN_DOCUMENTATION_COMMENTS = YES;
				CLANG_WARN_EMPTY_BODY = YES;
				CLANG_WARN_ENUM_CONVERSION = YES;
				CLANG_WARN_INFINITE_RECURSION = YES;
				CLANG_WARN_INT_CONVERSION = YES;
				CLANG_WARN_OBJC_ROOT_CLASS = YES_ERROR;
				CLANG_WARN_SUSPICIOUS_MOVE = YES;
				CLANG_WARN_UNREACHABLE_CODE = YES;
				CLANG_WARN__DUPLICATE_METHOD_MATCH = YES;
				"CODE_SIGN_IDENTITY[sdk=iphoneos*]" = "iPhone Developer";
				COPY_PHASE_STRIP = NO;
				DEBUG_INFORMATION_FORMAT = dwarf;
				ENABLE_STRICT_OBJC_MSGSEND = YES;
				ENABLE_TESTABILITY = YES;
				GCC_C_LANGUAGE_STANDARD = gnu99;
				GCC_DYNAMIC_NO_PIC = NO;
				GCC_NO_COMMON_BLOCKS = YES;
				GCC_OPTIMIZATION_LEVEL = 0;
				GCC_PREPROCESSOR_DEFINITIONS = (
					"DEBUG=1",
					"$(inherited)",
				);
				GCC_WARN_64_TO_32_BIT_CONVERSION = YES;
				GCC_WARN_ABOUT_RETURN_TYPE = YES_ERROR;
				GCC_WARN_UNDECLARED_SELECTOR = YES;
				GCC_WARN_UNINITIALIZED_AUTOS = YES_AGGRESSIVE;
				GCC_WARN_UNUSED_FUNCTION = YES;
				GCC_WARN_UNUSED_VARIABLE = YES;
				IPHONEOS_DEPLOYMENT_TARGET = 10.2;
				MTL_ENABLE_DEBUG_INFO = YES;
				ONLY_ACTIVE_ARCH = YES;
				SDKROOT = iphoneos;
				SWIFT_ACTIVE_COMPILATION_CONDITIONS = DEBUG;
				SWIFT_OPTIMIZATION_LEVEL = "-Onone";
				TARGETED_DEVICE_FAMILY = "1,2";
			};
			name = Debug;
		};
		E52BCD761E048EA400D2BC26 /* Release */ = {
			isa = XCBuildConfiguration;
			buildSettings = {
				ALWAYS_SEARCH_USER_PATHS = NO;
				CLANG_ANALYZER_NONNULL = YES;
				CLANG_CXX_LANGUAGE_STANDARD = "gnu++0x";
				CLANG_CXX_LIBRARY = "libc++";
				CLANG_ENABLE_MODULES = YES;
				CLANG_ENABLE_OBJC_ARC = YES;
				CLANG_WARN_BOOL_CONVERSION = YES;
				CLANG_WARN_CONSTANT_CONVERSION = YES;
				CLANG_WARN_DIRECT_OBJC_ISA_USAGE = YES_ERROR;
				CLANG_WARN_DOCUMENTATION_COMMENTS = YES;
				CLANG_WARN_EMPTY_BODY = YES;
				CLANG_WARN_ENUM_CONVERSION = YES;
				CLANG_WARN_INFINITE_RECURSION = YES;
				CLANG_WARN_INT_CONVERSION = YES;
				CLANG_WARN_OBJC_ROOT_CLASS = YES_ERROR;
				CLANG_WARN_SUSPICIOUS_MOVE = YES;
				CLANG_WARN_UNREACHABLE_CODE = YES;
				CLANG_WARN__DUPLICATE_METHOD_MATCH = YES;
				"CODE_SIGN_IDENTITY[sdk=iphoneos*]" = "iPhone Developer";
				COPY_PHASE_STRIP = NO;
				DEBUG_INFORMATION_FORMAT = "dwarf-with-dsym";
				ENABLE_NS_ASSERTIONS = NO;
				ENABLE_STRICT_OBJC_MSGSEND = YES;
				GCC_C_LANGUAGE_STANDARD = gnu99;
				GCC_NO_COMMON_BLOCKS = YES;
				GCC_WARN_64_TO_32_BIT_CONVERSION = YES;
				GCC_WARN_ABOUT_RETURN_TYPE = YES_ERROR;
				GCC_WARN_UNDECLARED_SELECTOR = YES;
				GCC_WARN_UNINITIALIZED_AUTOS = YES_AGGRESSIVE;
				GCC_WARN_UNUSED_FUNCTION = YES;
				GCC_WARN_UNUSED_VARIABLE = YES;
				IPHONEOS_DEPLOYMENT_TARGET = 10.2;
				MTL_ENABLE_DEBUG_INFO = NO;
				SDKROOT = iphoneos;
				SWIFT_OPTIMIZATION_LEVEL = "-Owholemodule";
				TARGETED_DEVICE_FAMILY = "1,2";
				VALIDATE_PRODUCT = YES;
			};
			name = Release;
		};
		E52BCD781E048EA400D2BC26 /* Debug */ = {
			isa = XCBuildConfiguration;
			buildSettings = {
				ASSETCATALOG_COMPILER_APPICON_NAME = AppIcon;
				DEVELOPMENT_TEAM = 6M346GUPZ3;
				INFOPLIST_FILE = FlappyBirdClone/Info.plist;
				LD_RUNPATH_SEARCH_PATHS = "$(inherited) @executable_path/Frameworks";
				PRODUCT_BUNDLE_IDENTIFIER = com.alexdemars.FlappyBirdClone;
				PRODUCT_NAME = "$(TARGET_NAME)";
				SWIFT_VERSION = 3.0;
			};
			name = Debug;
		};
		E52BCD791E048EA400D2BC26 /* Release */ = {
			isa = XCBuildConfiguration;
			buildSettings = {
				ASSETCATALOG_COMPILER_APPICON_NAME = AppIcon;
				DEVELOPMENT_TEAM = 6M346GUPZ3;
				INFOPLIST_FILE = FlappyBirdClone/Info.plist;
				LD_RUNPATH_SEARCH_PATHS = "$(inherited) @executable_path/Frameworks";
				PRODUCT_BUNDLE_IDENTIFIER = com.alexdemars.FlappyBirdClone;
				PRODUCT_NAME = "$(TARGET_NAME)";
				SWIFT_VERSION = 3.0;
			};
			name = Release;
		};
/* End XCBuildConfiguration section */

/* Begin XCConfigurationList section */
		E52BCD5A1E048EA400D2BC26 /* Build configuration list for PBXProject "FlappyBirdClone" */ = {
			isa = XCConfigurationList;
			buildConfigurations = (
				E52BCD751E048EA400D2BC26 /* Debug */,
				E52BCD761E048EA400D2BC26 /* Release */,
			);
			defaultConfigurationIsVisible = 0;
			defaultConfigurationName = Release;
		};
		E52BCD771E048EA400D2BC26 /* Build configuration list for PBXNativeTarget "FlappyBirdClone" */ = {
			isa = XCConfigurationList;
			buildConfigurations = (
				E52BCD781E048EA400D2BC26 /* Debug */,
				E52BCD791E048EA400D2BC26 /* Release */,
			);
			defaultConfigurationIsVisible = 0;
		};
/* End XCConfigurationList section */
	};
	rootObject = E52BCD571E048EA400D2BC26 /* Project object */;
}
